
Microsoft Visual Studio Solution File, Format Version 12.00
# Visual Studio Version 17
VisualStudioVersion = 17.7.34003.232
MinimumVisualStudioVersion = 10.0.40219.1
Project("{FAE04EC0-301F-11D3-BF4B-00C04F79EFBC}") = "Assignment1", "Assignment1\Assignment1.csproj", "{CAE7993D-30D3-4829-9085-355B6884C915}"
EndProject
Global
	GlobalSection(SolutionConfigurationPlatforms) = preSolution
		Debug|Any CPU = Debug|Any CPU
		Release|Any CPU = Release|Any CPU
	EndGlobalSection
	GlobalSection(ProjectConfigurationPlatforms) = postSolution
		{CAE7993D-30D3-4829-9085-355B6884C915}.Debug|Any CPU.ActiveCfg = Debug|Any CPU
		{CAE7993D-30D3-4829-9085-355B6884C915}.Debug|Any CPU.Build.0 = Debug|Any CPU
		{CAE7993D-30D3-4829-9085-355B6884C915}.Release|Any CPU.ActiveCfg = Release|Any CPU
		{CAE7993D-30D3-4829-9085-355B6884C915}.Release|Any CPU.Build.0 = Release|Any CPU
	EndGlobalSection
	GlobalSection(SolutionProperties) = preSolution
		HideSolutionNode = FALSE
	EndGlobalSection
	GlobalSection(ExtensibilityGlobals) = postSolution
		SolutionGuid = {8F16AA74-4677-4E2E-9D10-5011B963E7B1}
	EndGlobalSection
EndGlobal
